
Microsoft Visual Studio Solution File, Format Version 12.00
Project("{2150E333-8FDC-42A3-9474-1A3956D46DE8}") = "Solution Items", "Solution Items", "{C766DE21-71FE-4FE3-BC67-D0E92EE37743}"
	ProjectSection(SolutionItems) = preProject
		docker-compose.yml = docker-compose.yml
	EndProjectSection
EndProject
Project("{2150E333-8FDC-42A3-9474-1A3956D46DE8}") = "Databases", "Databases", "{532F629A-68F5-4E4F-BC59-F08882D1C3E3}"
EndProject
Project("{FAE04EC0-301F-11D3-BF4B-00C04F79EFBC}") = "Pinterest.Database.Settings", "Pinterest.Infrastructures\Pinterest.Databases\Pinterest.Database.Settings\Pinterest.Database.Settings.csproj", "{25C526CA-6320-4AA6-89B8-ACC5CF62CB06}"
EndProject
Project("{2150E333-8FDC-42A3-9474-1A3956D46DE8}") = "Domains", "Domains", "{E79F92FA-D7F7-43ED-BF42-DA4DF7B2EA73}"
EndProject
Project("{FAE04EC0-301F-11D3-BF4B-00C04F79EFBC}") = "Pinterest.Domain.Core", "Pinterest.Domains\Pinterest.Domain.Core\Pinterest.Domain.Core.csproj", "{ADA612CD-A61B-4445-8945-9A81A52DA756}"
EndProject
Project("{FAE04EC0-301F-11D3-BF4B-00C04F79EFBC}") = "Pinterest.Domain.Users", "Pinterest.Domains\Pinterest.Domain.Users\Pinterest.Domain.Users.csproj", "{E97B93C7-BD95-4D6D-A69C-016AA72AE8F6}"
EndProject
Project("{2150E333-8FDC-42A3-9474-1A3956D46DE8}") = "Applications", "Applications", "{1BB37807-959F-4FB9-81A8-0770022C90F8}"
EndProject
Project("{2150E333-8FDC-42A3-9474-1A3956D46DE8}") = "Infrastructures", "Infrastructures", "{AE55D27A-AE30-4ABC-B7BC-E1A703FCB7FF}"
EndProject
Project("{2150E333-8FDC-42A3-9474-1A3956D46DE8}") = "Shared", "Shared", "{4E37276A-04E7-4A91-BF77-E31352D77668}"
EndProject
Project("{FAE04EC0-301F-11D3-BF4B-00C04F79EFBC}") = "Pinterest.Shared.Commons", "Pinterest.Shared\Pinterest.Shared.Commons\Pinterest.Shared.Commons.csproj", "{4B266439-0282-45E9-BA8B-084AFE6EE840}"
EndProject
Project("{2150E333-8FDC-42A3-9474-1A3956D46DE8}") = "Systems", "Systems", "{5EA4E633-3DC2-4430-82DD-C2C2D80B7397}"
EndProject
Project("{2150E333-8FDC-42A3-9474-1A3956D46DE8}") = "MessageBrokers", "MessageBrokers", "{6633DE20-F167-48D4-AA4E-6B034E8A82E2}"
EndProject
Project("{FAE04EC0-301F-11D3-BF4B-00C04F79EFBC}") = "Pinterest.MessageBrokers.RabbitMQ", "Pinterest.Infrastructures\Pinterest.MessageBrokers\Pinterest.MessageBrokers.RabbitMQ\Pinterest.MessageBrokers.RabbitMQ.csproj", "{B6471505-E84C-422C-ADEA-6F3A6D6E4314}"
EndProject
Project("{FAE04EC0-301F-11D3-BF4B-00C04F79EFBC}") = "Pinterest.Domain.Messages", "Pinterest.Domains\Pinterest.Domain.Messages\Pinterest.Domain.Messages.csproj", "{F73C655D-3218-4134-A154-90DDD83BD5DF}"
EndProject
Project("{FAE04EC0-301F-11D3-BF4B-00C04F79EFBC}") = "Pinterest.Application.Commons", "Pinterest.Applications\Pinterest.Application.Commons\Pinterest.Application.Commons.csproj", "{099DB794-1CB3-45AC-A2DA-D1D1F1277FFD}"
EndProject
Project("{2150E333-8FDC-42A3-9474-1A3956D46DE8}") = "S3Storages", "S3Storages", "{FB1ABACE-F0DA-407B-86E6-99B01639C700}"
EndProject
Project("{FAE04EC0-301F-11D3-BF4B-00C04F79EFBC}") = "Pinterest.S3Storage.Minio", "Pinterest.Infrastructures\Pinterest.S3Storages\Pinterest.S3Storage.Minio\Pinterest.S3Storage.Minio.csproj", "{641FCF7E-A667-4CF3-81FA-4946FD4C254A}"
EndProject
Project("{FAE04EC0-301F-11D3-BF4B-00C04F79EFBC}") = "Pinterest.Domain.Authorization", "Pinterest.Domains\Pinterest.Domain.Authorization\Pinterest.Domain.Authorization.csproj", "{F778DB5E-9E55-4339-AF6F-CC1A4032408C}"
EndProject
Project("{FAE04EC0-301F-11D3-BF4B-00C04F79EFBC}") = "Pinterest.Application.Tokens", "Pinterest.Applications\Pinterest.Application.Tokens\Pinterest.Application.Tokens.csproj", "{95FB15B7-4AE4-44F2-87C1-47EE636F5E7F}"
EndProject
Project("{FAE04EC0-301F-11D3-BF4B-00C04F79EFBC}") = "Pinterest.Shared.Security", "Pinterest.Shared\Pinterest.Shared.Security\Pinterest.Shared.Security.csproj", "{C868F0CD-B478-4968-843D-5720F9BD73E1}"
EndProject
Project("{FAE04EC0-301F-11D3-BF4B-00C04F79EFBC}") = "Pinterest.Application.Accounts", "Pinterest.Applications\Pinterest.Application.Accounts\Pinterest.Application.Accounts.csproj", "{B96D531D-A898-48C2-B9CC-5353069CB398}"
EndProject
Project("{FAE04EC0-301F-11D3-BF4B-00C04F79EFBC}") = "Pinterest.Api.Accounts", "Pinterest.Systems\Pinterest.Api.Accounts\Pinterest.Api.Accounts.csproj", "{BFFC0692-47C2-4F22-8670-AD9145F00C41}"
EndProject
Project("{FAE04EC0-301F-11D3-BF4B-00C04F79EFBC}") = "Pinterest.Database.Accounts", "Pinterest.Infrastructures\Pinterest.Databases\Pinterest.Database.Accounts\Pinterest.Database.Accounts.csproj", "{96BBBB3E-1663-433C-9D70-2A733E1156B3}"
EndProject
Project("{FAE04EC0-301F-11D3-BF4B-00C04F79EFBC}") = "Pinterest.Api.Posts", "Pinterest.Systems\Pinterest.Api.Posts\Pinterest.Api.Posts.csproj", "{C0E466B4-D6A2-47CB-AED9-E1D227614A8F}"
EndProject
Project("{FAE04EC0-301F-11D3-BF4B-00C04F79EFBC}") = "Pinterest.Domain.Posts", "Pinterest.Domains\Pinterest.Domain.Posts\Pinterest.Domain.Posts.csproj", "{20301DEB-55C4-4693-8BE1-CE26F078F986}"
EndProject
Project("{FAE04EC0-301F-11D3-BF4B-00C04F79EFBC}") = "Pinterest.Application.Posts", "Pinterest.Applications\Pinterest.Application.Posts\Pinterest.Application.Posts.csproj", "{DE7B37F1-D7A9-453F-B7A3-7943E6289E53}"
EndProject
Project("{FAE04EC0-301F-11D3-BF4B-00C04F79EFBC}") = "Pinterest.Database.Posts", "Pinterest.Infrastructures\Pinterest.Databases\Pinterest.Database.Posts\Pinterest.Database.Posts.csproj", "{66A3DFF3-E0B6-4306-93BF-5388E98BE1D9}"
EndProject
Project("{FAE04EC0-301F-11D3-BF4B-00C04F79EFBC}") = "Pinterest.Worker.Secrets", "Pinterest.Systems\Pinterest.Worker.Secrets\Pinterest.Worker.Secrets.csproj", "{B708C17C-FDDC-4831-BF1E-B8A4341DBE5C}"
EndProject
Project("{FAE04EC0-301F-11D3-BF4B-00C04F79EFBC}") = "Pinterest.Shared.Contracts", "Pinterest.Shared\Pinterest.Shared.Contracts\Pinterest.Shared.Contracts.csproj", "{3C1E25A0-6DF0-4FB8-95C1-74E526D720CA}"
EndProject
Project("{FAE04EC0-301F-11D3-BF4B-00C04F79EFBC}") = "Pinterest.Documents.Mongo", "Pinterest.Infrastructures\Pinterest.Documents\Pinterest.Documents.Mongo\Pinterest.Documents.Mongo.csproj", "{9AEA4862-13A8-4C37-BB23-2321DE762C7E}"
EndProject
Project("{FAE04EC0-301F-11D3-BF4B-00C04F79EFBC}") = "Pinterest.MessageBrokers.Saga", "Pinterest.Infrastructures\Pinterest.MessageBrokers\Pinterest.MessageBrokers.Saga\Pinterest.MessageBrokers.Saga.csproj", "{3DBC294A-390F-4532-859B-5ADCE8B81291}"
EndProject
Project("{2150E333-8FDC-42A3-9474-1A3956D46DE8}") = "Documents", "Documents", "{A8D5FD17-75F9-4CF5-B28F-0B3BAA5588A0}"
EndProject
Project("{FAE04EC0-301F-11D3-BF4B-00C04F79EFBC}") = "Pinterest.Documents.Elastic", "Pinterest.Infrastructures\Pinterest.Documents\Pinterest.Documents.Elastic\Pinterest.Documents.Elastic.csproj", "{9B9F8228-33F9-40CA-83EA-56CB7A91D9BA}"
EndProject
Project("{FAE04EC0-301F-11D3-BF4B-00C04F79EFBC}") = "Pinterest.Application.Users", "Pinterest.Applications\Pinterest.Application.Users\Pinterest.Application.Users.csproj", "{0419137D-55AE-4BC4-B3AB-691005D4F603}"
EndProject
Project("{FAE04EC0-301F-11D3-BF4B-00C04F79EFBC}") = "Pinterest.Database.Users", "Pinterest.Infrastructures\Pinterest.Databases\Pinterest.Database.Users\Pinterest.Database.Users.csproj", "{4B6216FD-BB6A-4EFA-AA42-127F2F1383E2}"
EndProject
Project("{FAE04EC0-301F-11D3-BF4B-00C04F79EFBC}") = "Pinterest.Api.Users", "Pinterest.Systems\Pinterest.Api.Users\Pinterest.Api.Users.csproj", "{10FDA0FF-167C-413A-98D6-E99EEE9B87C2}"
EndProject
Project("{FAE04EC0-301F-11D3-BF4B-00C04F79EFBC}") = "Pinterest.Application.FileStorage", "Pinterest.Applications\Pinterest.Application.FileStorage\Pinterest.Application.FileStorage.csproj", "{58095C46-D9CD-46C3-989F-9A79499BB266}"
EndProject
Project("{FAE04EC0-301F-11D3-BF4B-00C04F79EFBC}") = "Pinterest.Domain.FileStorage", "Pinterest.Domains\Pinterest.Domain.FileStorage\Pinterest.Domain.FileStorage.csproj", "{547B84EF-4C94-4A38-9C56-314E21C18775}"
EndProject
Project("{FAE04EC0-301F-11D3-BF4B-00C04F79EFBC}") = "Pinterest.Api.FileStorage", "Pinterest.Systems\Pinterest.Api.FileStorage\Pinterest.Api.FileStorage.csproj", "{823AE039-0949-40FE-A6DC-D4B92D976290}"
EndProject
Project("{2150E333-8FDC-42A3-9474-1A3956D46DE8}") = "GrpcServices", "GrpcServices", "{C0F10CF5-1B71-4E96-81C2-7524B08C0745}"
EndProject
Project("{FAE04EC0-301F-11D3-BF4B-00C04F79EFBC}") = "Pinterest.GrpcServices.Core", "Pinterest.Infrastructures\Pinterest.GrpcServices\Pinterest.GrpcServices.Core\Pinterest.GrpcServices.Core.csproj", "{462EB655-EC5A-4392-A6C0-0FDD87B27925}"
EndProject
Project("{FAE04EC0-301F-11D3-BF4B-00C04F79EFBC}") = "Pinterest.GrpcServices.Users", "Pinterest.Infrastructures\Pinterest.GrpcServices\Pinterest.GrpcServices.Users\Pinterest.GrpcServices.Users.csproj", "{F563E5A7-DE11-4DBF-B901-3F31C7AFC8DC}"
EndProject
Project("{FAE04EC0-301F-11D3-BF4B-00C04F79EFBC}") = "Pinterest.S3Storage.VideoProcessing", "Pinterest.Infrastructures\Pinterest.S3Storages\Pinterest.S3Storage.VideoProcessing\Pinterest.S3Storage.VideoProcessing.csproj", "{B29330D0-07EA-477C-BFC6-C62C049F9125}"
EndProject
Project("{FAE04EC0-301F-11D3-BF4B-00C04F79EFBC}") = "Pinterest.Domain.CommonModels", "Pinterest.Domains\Pinterest.Domain.CommonModels\Pinterest.Domain.CommonModels.csproj", "{268B3227-3CA8-4B29-B1CE-C19610CB4007}"
EndProject
Global
	GlobalSection(SolutionConfigurationPlatforms) = preSolution
		Debug|Any CPU = Debug|Any CPU
		Release|Any CPU = Release|Any CPU
	EndGlobalSection
	GlobalSection(ProjectConfigurationPlatforms) = postSolution
		{25C526CA-6320-4AA6-89B8-ACC5CF62CB06}.Debug|Any CPU.ActiveCfg = Debug|Any CPU
		{25C526CA-6320-4AA6-89B8-ACC5CF62CB06}.Debug|Any CPU.Build.0 = Debug|Any CPU
		{25C526CA-6320-4AA6-89B8-ACC5CF62CB06}.Release|Any CPU.ActiveCfg = Release|Any CPU
		{25C526CA-6320-4AA6-89B8-ACC5CF62CB06}.Release|Any CPU.Build.0 = Release|Any CPU
		{ADA612CD-A61B-4445-8945-9A81A52DA756}.Debug|Any CPU.ActiveCfg = Debug|Any CPU
		{ADA612CD-A61B-4445-8945-9A81A52DA756}.Debug|Any CPU.Build.0 = Debug|Any CPU
		{ADA612CD-A61B-4445-8945-9A81A52DA756}.Release|Any CPU.ActiveCfg = Release|Any CPU
		{ADA612CD-A61B-4445-8945-9A81A52DA756}.Release|Any CPU.Build.0 = Release|Any CPU
		{E97B93C7-BD95-4D6D-A69C-016AA72AE8F6}.Debug|Any CPU.ActiveCfg = Debug|Any CPU
		{E97B93C7-BD95-4D6D-A69C-016AA72AE8F6}.Debug|Any CPU.Build.0 = Debug|Any CPU
		{E97B93C7-BD95-4D6D-A69C-016AA72AE8F6}.Release|Any CPU.ActiveCfg = Release|Any CPU
		{E97B93C7-BD95-4D6D-A69C-016AA72AE8F6}.Release|Any CPU.Build.0 = Release|Any CPU
		{4B266439-0282-45E9-BA8B-084AFE6EE840}.Debug|Any CPU.ActiveCfg = Debug|Any CPU
		{4B266439-0282-45E9-BA8B-084AFE6EE840}.Debug|Any CPU.Build.0 = Debug|Any CPU
		{4B266439-0282-45E9-BA8B-084AFE6EE840}.Release|Any CPU.ActiveCfg = Release|Any CPU
		{4B266439-0282-45E9-BA8B-084AFE6EE840}.Release|Any CPU.Build.0 = Release|Any CPU
		{B6471505-E84C-422C-ADEA-6F3A6D6E4314}.Debug|Any CPU.ActiveCfg = Debug|Any CPU
		{B6471505-E84C-422C-ADEA-6F3A6D6E4314}.Debug|Any CPU.Build.0 = Debug|Any CPU
		{B6471505-E84C-422C-ADEA-6F3A6D6E4314}.Release|Any CPU.ActiveCfg = Release|Any CPU
		{B6471505-E84C-422C-ADEA-6F3A6D6E4314}.Release|Any CPU.Build.0 = Release|Any CPU
		{F73C655D-3218-4134-A154-90DDD83BD5DF}.Debug|Any CPU.ActiveCfg = Debug|Any CPU
		{F73C655D-3218-4134-A154-90DDD83BD5DF}.Debug|Any CPU.Build.0 = Debug|Any CPU
		{F73C655D-3218-4134-A154-90DDD83BD5DF}.Release|Any CPU.ActiveCfg = Release|Any CPU
		{F73C655D-3218-4134-A154-90DDD83BD5DF}.Release|Any CPU.Build.0 = Release|Any CPU
		{099DB794-1CB3-45AC-A2DA-D1D1F1277FFD}.Debug|Any CPU.ActiveCfg = Debug|Any CPU
		{099DB794-1CB3-45AC-A2DA-D1D1F1277FFD}.Debug|Any CPU.Build.0 = Debug|Any CPU
		{099DB794-1CB3-45AC-A2DA-D1D1F1277FFD}.Release|Any CPU.ActiveCfg = Release|Any CPU
		{099DB794-1CB3-45AC-A2DA-D1D1F1277FFD}.Release|Any CPU.Build.0 = Release|Any CPU
		{641FCF7E-A667-4CF3-81FA-4946FD4C254A}.Debug|Any CPU.ActiveCfg = Debug|Any CPU
		{641FCF7E-A667-4CF3-81FA-4946FD4C254A}.Debug|Any CPU.Build.0 = Debug|Any CPU
		{641FCF7E-A667-4CF3-81FA-4946FD4C254A}.Release|Any CPU.ActiveCfg = Release|Any CPU
		{641FCF7E-A667-4CF3-81FA-4946FD4C254A}.Release|Any CPU.Build.0 = Release|Any CPU
		{F778DB5E-9E55-4339-AF6F-CC1A4032408C}.Debug|Any CPU.ActiveCfg = Debug|Any CPU
		{F778DB5E-9E55-4339-AF6F-CC1A4032408C}.Debug|Any CPU.Build.0 = Debug|Any CPU
		{F778DB5E-9E55-4339-AF6F-CC1A4032408C}.Release|Any CPU.ActiveCfg = Release|Any CPU
		{F778DB5E-9E55-4339-AF6F-CC1A4032408C}.Release|Any CPU.Build.0 = Release|Any CPU
		{95FB15B7-4AE4-44F2-87C1-47EE636F5E7F}.Debug|Any CPU.ActiveCfg = Debug|Any CPU
		{95FB15B7-4AE4-44F2-87C1-47EE636F5E7F}.Debug|Any CPU.Build.0 = Debug|Any CPU
		{95FB15B7-4AE4-44F2-87C1-47EE636F5E7F}.Release|Any CPU.ActiveCfg = Release|Any CPU
		{95FB15B7-4AE4-44F2-87C1-47EE636F5E7F}.Release|Any CPU.Build.0 = Release|Any CPU
		{C868F0CD-B478-4968-843D-5720F9BD73E1}.Debug|Any CPU.ActiveCfg = Debug|Any CPU
		{C868F0CD-B478-4968-843D-5720F9BD73E1}.Debug|Any CPU.Build.0 = Debug|Any CPU
		{C868F0CD-B478-4968-843D-5720F9BD73E1}.Release|Any CPU.ActiveCfg = Release|Any CPU
		{C868F0CD-B478-4968-843D-5720F9BD73E1}.Release|Any CPU.Build.0 = Release|Any CPU
		{B96D531D-A898-48C2-B9CC-5353069CB398}.Debug|Any CPU.ActiveCfg = Debug|Any CPU
		{B96D531D-A898-48C2-B9CC-5353069CB398}.Debug|Any CPU.Build.0 = Debug|Any CPU
		{B96D531D-A898-48C2-B9CC-5353069CB398}.Release|Any CPU.ActiveCfg = Release|Any CPU
		{B96D531D-A898-48C2-B9CC-5353069CB398}.Release|Any CPU.Build.0 = Release|Any CPU
		{BFFC0692-47C2-4F22-8670-AD9145F00C41}.Debug|Any CPU.ActiveCfg = Debug|Any CPU
		{BFFC0692-47C2-4F22-8670-AD9145F00C41}.Debug|Any CPU.Build.0 = Debug|Any CPU
		{BFFC0692-47C2-4F22-8670-AD9145F00C41}.Release|Any CPU.ActiveCfg = Release|Any CPU
		{BFFC0692-47C2-4F22-8670-AD9145F00C41}.Release|Any CPU.Build.0 = Release|Any CPU
		{96BBBB3E-1663-433C-9D70-2A733E1156B3}.Debug|Any CPU.ActiveCfg = Debug|Any CPU
		{96BBBB3E-1663-433C-9D70-2A733E1156B3}.Debug|Any CPU.Build.0 = Debug|Any CPU
		{96BBBB3E-1663-433C-9D70-2A733E1156B3}.Release|Any CPU.ActiveCfg = Release|Any CPU
		{96BBBB3E-1663-433C-9D70-2A733E1156B3}.Release|Any CPU.Build.0 = Release|Any CPU
		{C0E466B4-D6A2-47CB-AED9-E1D227614A8F}.Debug|Any CPU.ActiveCfg = Debug|Any CPU
		{C0E466B4-D6A2-47CB-AED9-E1D227614A8F}.Debug|Any CPU.Build.0 = Debug|Any CPU
		{C0E466B4-D6A2-47CB-AED9-E1D227614A8F}.Release|Any CPU.ActiveCfg = Release|Any CPU
		{C0E466B4-D6A2-47CB-AED9-E1D227614A8F}.Release|Any CPU.Build.0 = Release|Any CPU
		{20301DEB-55C4-4693-8BE1-CE26F078F986}.Debug|Any CPU.ActiveCfg = Debug|Any CPU
		{20301DEB-55C4-4693-8BE1-CE26F078F986}.Debug|Any CPU.Build.0 = Debug|Any CPU
		{20301DEB-55C4-4693-8BE1-CE26F078F986}.Release|Any CPU.ActiveCfg = Release|Any CPU
		{20301DEB-55C4-4693-8BE1-CE26F078F986}.Release|Any CPU.Build.0 = Release|Any CPU
		{DE7B37F1-D7A9-453F-B7A3-7943E6289E53}.Debug|Any CPU.ActiveCfg = Debug|Any CPU
		{DE7B37F1-D7A9-453F-B7A3-7943E6289E53}.Debug|Any CPU.Build.0 = Debug|Any CPU
		{DE7B37F1-D7A9-453F-B7A3-7943E6289E53}.Release|Any CPU.ActiveCfg = Release|Any CPU
		{DE7B37F1-D7A9-453F-B7A3-7943E6289E53}.Release|Any CPU.Build.0 = Release|Any CPU
		{66A3DFF3-E0B6-4306-93BF-5388E98BE1D9}.Debug|Any CPU.ActiveCfg = Debug|Any CPU
		{66A3DFF3-E0B6-4306-93BF-5388E98BE1D9}.Debug|Any CPU.Build.0 = Debug|Any CPU
		{66A3DFF3-E0B6-4306-93BF-5388E98BE1D9}.Release|Any CPU.ActiveCfg = Release|Any CPU
		{66A3DFF3-E0B6-4306-93BF-5388E98BE1D9}.Release|Any CPU.Build.0 = Release|Any CPU
		{B708C17C-FDDC-4831-BF1E-B8A4341DBE5C}.Debug|Any CPU.ActiveCfg = Debug|Any CPU
		{B708C17C-FDDC-4831-BF1E-B8A4341DBE5C}.Debug|Any CPU.Build.0 = Debug|Any CPU
		{B708C17C-FDDC-4831-BF1E-B8A4341DBE5C}.Release|Any CPU.ActiveCfg = Release|Any CPU
		{B708C17C-FDDC-4831-BF1E-B8A4341DBE5C}.Release|Any CPU.Build.0 = Release|Any CPU
		{3C1E25A0-6DF0-4FB8-95C1-74E526D720CA}.Debug|Any CPU.ActiveCfg = Debug|Any CPU
		{3C1E25A0-6DF0-4FB8-95C1-74E526D720CA}.Debug|Any CPU.Build.0 = Debug|Any CPU
		{3C1E25A0-6DF0-4FB8-95C1-74E526D720CA}.Release|Any CPU.ActiveCfg = Release|Any CPU
		{3C1E25A0-6DF0-4FB8-95C1-74E526D720CA}.Release|Any CPU.Build.0 = Release|Any CPU
		{9AEA4862-13A8-4C37-BB23-2321DE762C7E}.Debug|Any CPU.ActiveCfg = Debug|Any CPU
		{9AEA4862-13A8-4C37-BB23-2321DE762C7E}.Debug|Any CPU.Build.0 = Debug|Any CPU
		{9AEA4862-13A8-4C37-BB23-2321DE762C7E}.Release|Any CPU.ActiveCfg = Release|Any CPU
		{9AEA4862-13A8-4C37-BB23-2321DE762C7E}.Release|Any CPU.Build.0 = Release|Any CPU
		{3DBC294A-390F-4532-859B-5ADCE8B81291}.Debug|Any CPU.ActiveCfg = Debug|Any CPU
		{3DBC294A-390F-4532-859B-5ADCE8B81291}.Debug|Any CPU.Build.0 = Debug|Any CPU
		{3DBC294A-390F-4532-859B-5ADCE8B81291}.Release|Any CPU.ActiveCfg = Release|Any CPU
		{3DBC294A-390F-4532-859B-5ADCE8B81291}.Release|Any CPU.Build.0 = Release|Any CPU
		{9B9F8228-33F9-40CA-83EA-56CB7A91D9BA}.Debug|Any CPU.ActiveCfg = Debug|Any CPU
		{9B9F8228-33F9-40CA-83EA-56CB7A91D9BA}.Debug|Any CPU.Build.0 = Debug|Any CPU
		{9B9F8228-33F9-40CA-83EA-56CB7A91D9BA}.Release|Any CPU.ActiveCfg = Release|Any CPU
		{9B9F8228-33F9-40CA-83EA-56CB7A91D9BA}.Release|Any CPU.Build.0 = Release|Any CPU
		{0419137D-55AE-4BC4-B3AB-691005D4F603}.Debug|Any CPU.ActiveCfg = Debug|Any CPU
		{0419137D-55AE-4BC4-B3AB-691005D4F603}.Debug|Any CPU.Build.0 = Debug|Any CPU
		{0419137D-55AE-4BC4-B3AB-691005D4F603}.Release|Any CPU.ActiveCfg = Release|Any CPU
		{0419137D-55AE-4BC4-B3AB-691005D4F603}.Release|Any CPU.Build.0 = Release|Any CPU
		{4B6216FD-BB6A-4EFA-AA42-127F2F1383E2}.Debug|Any CPU.ActiveCfg = Debug|Any CPU
		{4B6216FD-BB6A-4EFA-AA42-127F2F1383E2}.Debug|Any CPU.Build.0 = Debug|Any CPU
		{4B6216FD-BB6A-4EFA-AA42-127F2F1383E2}.Release|Any CPU.ActiveCfg = Release|Any CPU
		{4B6216FD-BB6A-4EFA-AA42-127F2F1383E2}.Release|Any CPU.Build.0 = Release|Any CPU
		{10FDA0FF-167C-413A-98D6-E99EEE9B87C2}.Debug|Any CPU.ActiveCfg = Debug|Any CPU
		{10FDA0FF-167C-413A-98D6-E99EEE9B87C2}.Debug|Any CPU.Build.0 = Debug|Any CPU
		{10FDA0FF-167C-413A-98D6-E99EEE9B87C2}.Release|Any CPU.ActiveCfg = Release|Any CPU
		{10FDA0FF-167C-413A-98D6-E99EEE9B87C2}.Release|Any CPU.Build.0 = Release|Any CPU
		{58095C46-D9CD-46C3-989F-9A79499BB266}.Debug|Any CPU.ActiveCfg = Debug|Any CPU
		{58095C46-D9CD-46C3-989F-9A79499BB266}.Debug|Any CPU.Build.0 = Debug|Any CPU
		{58095C46-D9CD-46C3-989F-9A79499BB266}.Release|Any CPU.ActiveCfg = Release|Any CPU
		{58095C46-D9CD-46C3-989F-9A79499BB266}.Release|Any CPU.Build.0 = Release|Any CPU
		{547B84EF-4C94-4A38-9C56-314E21C18775}.Debug|Any CPU.ActiveCfg = Debug|Any CPU
		{547B84EF-4C94-4A38-9C56-314E21C18775}.Debug|Any CPU.Build.0 = Debug|Any CPU
		{547B84EF-4C94-4A38-9C56-314E21C18775}.Release|Any CPU.ActiveCfg = Release|Any CPU
		{547B84EF-4C94-4A38-9C56-314E21C18775}.Release|Any CPU.Build.0 = Release|Any CPU
		{823AE039-0949-40FE-A6DC-D4B92D976290}.Debug|Any CPU.ActiveCfg = Debug|Any CPU
		{823AE039-0949-40FE-A6DC-D4B92D976290}.Debug|Any CPU.Build.0 = Debug|Any CPU
		{823AE039-0949-40FE-A6DC-D4B92D976290}.Release|Any CPU.ActiveCfg = Release|Any CPU
		{823AE039-0949-40FE-A6DC-D4B92D976290}.Release|Any CPU.Build.0 = Release|Any CPU
		{462EB655-EC5A-4392-A6C0-0FDD87B27925}.Debug|Any CPU.ActiveCfg = Debug|Any CPU
		{462EB655-EC5A-4392-A6C0-0FDD87B27925}.Debug|Any CPU.Build.0 = Debug|Any CPU
		{462EB655-EC5A-4392-A6C0-0FDD87B27925}.Release|Any CPU.ActiveCfg = Release|Any CPU
		{462EB655-EC5A-4392-A6C0-0FDD87B27925}.Release|Any CPU.Build.0 = Release|Any CPU
		{F563E5A7-DE11-4DBF-B901-3F31C7AFC8DC}.Debug|Any CPU.ActiveCfg = Debug|Any CPU
		{F563E5A7-DE11-4DBF-B901-3F31C7AFC8DC}.Debug|Any CPU.Build.0 = Debug|Any CPU
		{F563E5A7-DE11-4DBF-B901-3F31C7AFC8DC}.Release|Any CPU.ActiveCfg = Release|Any CPU
		{F563E5A7-DE11-4DBF-B901-3F31C7AFC8DC}.Release|Any CPU.Build.0 = Release|Any CPU
		{B29330D0-07EA-477C-BFC6-C62C049F9125}.Debug|Any CPU.ActiveCfg = Debug|Any CPU
		{B29330D0-07EA-477C-BFC6-C62C049F9125}.Debug|Any CPU.Build.0 = Debug|Any CPU
		{B29330D0-07EA-477C-BFC6-C62C049F9125}.Release|Any CPU.ActiveCfg = Release|Any CPU
		{B29330D0-07EA-477C-BFC6-C62C049F9125}.Release|Any CPU.Build.0 = Release|Any CPU
		{268B3227-3CA8-4B29-B1CE-C19610CB4007}.Debug|Any CPU.ActiveCfg = Debug|Any CPU
		{268B3227-3CA8-4B29-B1CE-C19610CB4007}.Debug|Any CPU.Build.0 = Debug|Any CPU
		{268B3227-3CA8-4B29-B1CE-C19610CB4007}.Release|Any CPU.ActiveCfg = Release|Any CPU
		{268B3227-3CA8-4B29-B1CE-C19610CB4007}.Release|Any CPU.Build.0 = Release|Any CPU
	EndGlobalSection
	GlobalSection(NestedProjects) = preSolution
		{25C526CA-6320-4AA6-89B8-ACC5CF62CB06} = {532F629A-68F5-4E4F-BC59-F08882D1C3E3}
		{ADA612CD-A61B-4445-8945-9A81A52DA756} = {E79F92FA-D7F7-43ED-BF42-DA4DF7B2EA73}
		{E97B93C7-BD95-4D6D-A69C-016AA72AE8F6} = {E79F92FA-D7F7-43ED-BF42-DA4DF7B2EA73}
		{532F629A-68F5-4E4F-BC59-F08882D1C3E3} = {AE55D27A-AE30-4ABC-B7BC-E1A703FCB7FF}
		{4B266439-0282-45E9-BA8B-084AFE6EE840} = {4E37276A-04E7-4A91-BF77-E31352D77668}
		{6633DE20-F167-48D4-AA4E-6B034E8A82E2} = {AE55D27A-AE30-4ABC-B7BC-E1A703FCB7FF}
		{B6471505-E84C-422C-ADEA-6F3A6D6E4314} = {6633DE20-F167-48D4-AA4E-6B034E8A82E2}
		{F73C655D-3218-4134-A154-90DDD83BD5DF} = {E79F92FA-D7F7-43ED-BF42-DA4DF7B2EA73}
		{099DB794-1CB3-45AC-A2DA-D1D1F1277FFD} = {1BB37807-959F-4FB9-81A8-0770022C90F8}
		{FB1ABACE-F0DA-407B-86E6-99B01639C700} = {AE55D27A-AE30-4ABC-B7BC-E1A703FCB7FF}
		{641FCF7E-A667-4CF3-81FA-4946FD4C254A} = {FB1ABACE-F0DA-407B-86E6-99B01639C700}
		{F778DB5E-9E55-4339-AF6F-CC1A4032408C} = {E79F92FA-D7F7-43ED-BF42-DA4DF7B2EA73}
		{95FB15B7-4AE4-44F2-87C1-47EE636F5E7F} = {1BB37807-959F-4FB9-81A8-0770022C90F8}
		{C868F0CD-B478-4968-843D-5720F9BD73E1} = {4E37276A-04E7-4A91-BF77-E31352D77668}
		{B96D531D-A898-48C2-B9CC-5353069CB398} = {1BB37807-959F-4FB9-81A8-0770022C90F8}
		{BFFC0692-47C2-4F22-8670-AD9145F00C41} = {5EA4E633-3DC2-4430-82DD-C2C2D80B7397}
		{96BBBB3E-1663-433C-9D70-2A733E1156B3} = {532F629A-68F5-4E4F-BC59-F08882D1C3E3}
		{C0E466B4-D6A2-47CB-AED9-E1D227614A8F} = {5EA4E633-3DC2-4430-82DD-C2C2D80B7397}
		{20301DEB-55C4-4693-8BE1-CE26F078F986} = {E79F92FA-D7F7-43ED-BF42-DA4DF7B2EA73}
		{DE7B37F1-D7A9-453F-B7A3-7943E6289E53} = {1BB37807-959F-4FB9-81A8-0770022C90F8}
		{66A3DFF3-E0B6-4306-93BF-5388E98BE1D9} = {532F629A-68F5-4E4F-BC59-F08882D1C3E3}
		{B708C17C-FDDC-4831-BF1E-B8A4341DBE5C} = {5EA4E633-3DC2-4430-82DD-C2C2D80B7397}
		{3C1E25A0-6DF0-4FB8-95C1-74E526D720CA} = {4E37276A-04E7-4A91-BF77-E31352D77668}
		{3DBC294A-390F-4532-859B-5ADCE8B81291} = {6633DE20-F167-48D4-AA4E-6B034E8A82E2}
		{A8D5FD17-75F9-4CF5-B28F-0B3BAA5588A0} = {AE55D27A-AE30-4ABC-B7BC-E1A703FCB7FF}
		{9AEA4862-13A8-4C37-BB23-2321DE762C7E} = {A8D5FD17-75F9-4CF5-B28F-0B3BAA5588A0}
		{9B9F8228-33F9-40CA-83EA-56CB7A91D9BA} = {A8D5FD17-75F9-4CF5-B28F-0B3BAA5588A0}
		{0419137D-55AE-4BC4-B3AB-691005D4F603} = {1BB37807-959F-4FB9-81A8-0770022C90F8}
		{4B6216FD-BB6A-4EFA-AA42-127F2F1383E2} = {532F629A-68F5-4E4F-BC59-F08882D1C3E3}
		{10FDA0FF-167C-413A-98D6-E99EEE9B87C2} = {5EA4E633-3DC2-4430-82DD-C2C2D80B7397}
		{58095C46-D9CD-46C3-989F-9A79499BB266} = {1BB37807-959F-4FB9-81A8-0770022C90F8}
		{547B84EF-4C94-4A38-9C56-314E21C18775} = {E79F92FA-D7F7-43ED-BF42-DA4DF7B2EA73}
		{823AE039-0949-40FE-A6DC-D4B92D976290} = {5EA4E633-3DC2-4430-82DD-C2C2D80B7397}
		{C0F10CF5-1B71-4E96-81C2-7524B08C0745} = {AE55D27A-AE30-4ABC-B7BC-E1A703FCB7FF}
		{462EB655-EC5A-4392-A6C0-0FDD87B27925} = {C0F10CF5-1B71-4E96-81C2-7524B08C0745}
		{F563E5A7-DE11-4DBF-B901-3F31C7AFC8DC} = {C0F10CF5-1B71-4E96-81C2-7524B08C0745}
		{B29330D0-07EA-477C-BFC6-C62C049F9125} = {FB1ABACE-F0DA-407B-86E6-99B01639C700}
		{268B3227-3CA8-4B29-B1CE-C19610CB4007} = {E79F92FA-D7F7-43ED-BF42-DA4DF7B2EA73}
	EndGlobalSection
EndGlobal
